<?xml version="1.0" encoding="utf-8"?>
<Project ToolsVersion="4.0" xmlns="http://schemas.microsoft.com/developer/msbuild/2003">
  <ItemGroup>
    <Filter Include="Source Files">
      <UniqueIdentifier>{4FC737F1-C7A5-4376-A066-2A32D752A2FF}</UniqueIdentifier>
      <Extensions>cpp;c;cc;cxx;def;odl;idl;hpj;bat;asm;asmx</Extensions>
    </Filter>
    <Filter Include="Header Files">
      <UniqueIdentifier>{93995380-89BD-4b04-88EB-625FBE52EBFB}</UniqueIdentifier>
      <Extensions>h;hh;hpp;hxx;hm;inl;inc;xsd</Extensions>
    </Filter>
    <Filter Include="Resource Files">
      <UniqueIdentifier>{67DA6AB6-F800-4c08-8B7A-83BB121AAD01}</UniqueIdentifier>
      <Extensions>rc;ico;cur;bmp;dlg;rc2;rct;bin;rgs;gif;jpg;jpeg;jpe;resx;tiff;tif;png;wav;mfcribbon-ms</Extensions>
    </Filter>
    <Filter Include="Source Files\Intro_Gates">
      <UniqueIdentifier>{47316256-7e3d-4a4b-b1f4-d6d0dd3a4510}</UniqueIdentifier>
    </Filter>
    <Filter Include="Source Files\At_the_Crossroads">
      <UniqueIdentifier>{cda76858-b289-465b-9a6f-f2c4968b572f}</UniqueIdentifier>
    </Filter>
    <Filter Include="Source Files\Corner_of_0s_and_1s">
      <UniqueIdentifier>{951a183b-0b71-4307-96db-f1b3557ba718}</UniqueIdentifier>
    </Filter>
    <Filter Include="Source Files\Loop_Tunnel">
      <UniqueIdentifier>{fb5f580a-95da-494e-a3cc-3aea2acbcb99}</UniqueIdentifier>
    </Filter>
    <Filter Include="Source Files\List_Forest_Edge">
      <UniqueIdentifier>{fd9135a9-9aca-4062-b939-3175ea8acffd}</UniqueIdentifier>
    </Filter>
  </ItemGroup>
  <ItemGroup>
    <ClCompile Include="Intro_Gates\circleOfNumbers.cpp">
      <Filter>Source Files\Intro_Gates</Filter>
    </ClCompile>
    <ClCompile Include="Intro_Gates\largestNumber.cpp">
      <Filter>Source Files\Intro_Gates</Filter>
    </ClCompile>
    <ClCompile Include="Intro_Gates\lateRide.cpp">
      <Filter>Source Files\Intro_Gates</Filter>
    </ClCompile>
    <ClCompile Include="Intro_Gates\maxMultiple.cpp">
      <Filter>Source Files\Intro_Gates</Filter>
    </ClCompile>
    <ClCompile Include="Intro_Gates\phoneCall.cpp">
      <Filter>Source Files\Intro_Gates</Filter>
    </ClCompile>
    <ClCompile Include="Intro_Gates\seatsInTheater.cpp">
      <Filter>Source Files\Intro_Gates</Filter>
    </ClCompile>
    <ClCompile Include="Intro_Gates\addTwoDigits.cpp">
      <Filter>Source Files\Intro_Gates</Filter>
    </ClCompile>
    <ClCompile Include="Intro_Gates\candies.cpp">
      <Filter>Source Files\Intro_Gates</Filter>
    </ClCompile>
    <ClCompile Include="At_the_Crossroads\reachNextLevel.cpp">
      <Filter>Source Files\At_the_Crossroads</Filter>
    </ClCompile>
    <ClCompile Include="At_the_Crossroads\knapsackLight.cpp">
      <Filter>Source Files\At_the_Crossroads</Filter>
    </ClCompile>
    <ClCompile Include="At_the_Crossroads\extraNumber.cpp">
      <Filter>Source Files\At_the_Crossroads</Filter>
    </ClCompile>
    <ClCompile Include="At_the_Crossroads\isInfiniteProcess.cpp">
      <Filter>Source Files\At_the_Crossroads</Filter>
    </ClCompile>
    <ClCompile Include="At_the_Crossroads\arithmeticExpression.cpp">
      <Filter>Source Files\At_the_Crossroads</Filter>
    </ClCompile>
    <ClCompile Include="At_the_Crossroads\tennisSet.cpp">
      <Filter>Source Files\At_the_Crossroads</Filter>
    </ClCompile>
    <ClCompile Include="At_the_Crossroads\willYou.cpp">
      <Filter>Source Files\At_the_Crossroads</Filter>
    </ClCompile>
    <ClCompile Include="At_the_Crossroads\metroCard.cpp">
      <Filter>Source Files\At_the_Crossroads</Filter>
    </ClCompile>
    <ClCompile Include="Corner_of_0s_and_1s\killKthBit.cpp">
      <Filter>Source Files\Corner_of_0s_and_1s</Filter>
    </ClCompile>
    <ClCompile Include="Corner_of_0s_and_1s\arrayPacking.cpp">
      <Filter>Source Files\Corner_of_0s_and_1s</Filter>
    </ClCompile>
    <ClCompile Include="Corner_of_0s_and_1s\rangeBitCount.cpp">
      <Filter>Source Files\Corner_of_0s_and_1s</Filter>
    </ClCompile>
    <ClCompile Include="Corner_of_0s_and_1s\mirrorBits.cpp">
      <Filter>Source Files\Corner_of_0s_and_1s</Filter>
    </ClCompile>
    <ClCompile Include="Corner_of_0s_and_1s\secondRightmostZeroBit.cpp">
      <Filter>Source Files\Corner_of_0s_and_1s</Filter>
    </ClCompile>
    <ClCompile Include="Corner_of_0s_and_1s\swapAdjacentBits.cpp">
      <Filter>Source Files\Corner_of_0s_and_1s</Filter>
    </ClCompile>
    <ClCompile Include="Corner_of_0s_and_1s\differentRightmostBit.cpp">
      <Filter>Source Files\Corner_of_0s_and_1s</Filter>
    </ClCompile>
    <ClCompile Include="Corner_of_0s_and_1s\equalPairOfBits.cpp">
      <Filter>Source Files\Corner_of_0s_and_1s</Filter>
    </ClCompile>
    <ClCompile Include="Loop_Tunnel\leastFactorial.cpp">
      <Filter>Source Files\Loop_Tunnel</Filter>
    </ClCompile>
    <ClCompile Include="Loop_Tunnel\countSumOfTwoRepresentations2.cpp">
      <Filter>Source Files\Loop_Tunnel</Filter>
    </ClCompile>
    <ClCompile Include="Loop_Tunnel\magicalWell.cpp">
      <Filter>Source Files\Loop_Tunnel</Filter>
    </ClCompile>
    <ClCompile Include="Loop_Tunnel\lineUp.cpp">
      <Filter>Source Files\Loop_Tunnel</Filter>
    </ClCompile>
    <ClCompile Include="Loop_Tunnel\additionWithoutCarrying.cpp">
      <Filter>Source Files\Loop_Tunnel</Filter>
    </ClCompile>
    <ClCompile Include="Loop_Tunnel\appleBoxes.cpp">
      <Filter>Source Files\Loop_Tunnel</Filter>
    </ClCompile>
    <ClCompile Include="Loop_Tunnel\increaseNumberRoundness.cpp">
      <Filter>Source Files\Loop_Tunnel</Filter>
    </ClCompile>
    <ClCompile Include="Loop_Tunnel\rounders.cpp">
      <Filter>Source Files\Loop_Tunnel</Filter>
    </ClCompile>
    <ClCompile Include="Loop_Tunnel\candles.cpp">
      <Filter>Source Files\Loop_Tunnel</Filter>
    </ClCompile>
    <ClCompile Include="Loop_Tunnel\countBlackCells.cpp">
      <Filter>Source Files\Loop_Tunnel</Filter>
    </ClCompile>
    <ClCompile Include="List_Forest_Edge\createArray.cpp">
      <Filter>Source Files\List_Forest_Edge</Filter>
    </ClCompile>
    <ClCompile Include="List_Forest_Edge\arrayReplace.cpp">
      <Filter>Source Files\List_Forest_Edge</Filter>
    </ClCompile>
    <ClCompile Include="List_Forest_Edge\firstReverseTry.cpp">
      <Filter>Source Files\List_Forest_Edge</Filter>
    </ClCompile>
    <ClCompile Include="List_Forest_Edge\concatenateArrays.cpp">
      <Filter>Source Files\List_Forest_Edge</Filter>
    </ClCompile>
    <ClCompile Include="List_Forest_Edge\removeArrayPart.cpp">
      <Filter>Source Files\List_Forest_Edge</Filter>
    </ClCompile>
    <ClCompile Include="List_Forest_Edge\isSmooth.cpp">
      <Filter>Source Files\List_Forest_Edge</Filter>
    </ClCompile>
    <ClCompile Include="List_Forest_Edge\replaceMiddle.cpp">
      <Filter>Source Files\List_Forest_Edge</Filter>
    </ClCompile>
    <ClCompile Include="List_Forest_Edge\makeArrayConsecutive2.cpp">
      <Filter>Source Files\List_Forest_Edge</Filter>
    </ClCompile>
  </ItemGroup>
</Project>